
Microsoft Visual Studio Solution File, Format Version 12.00
# Visual Studio Version 17
VisualStudioVersion = 17.5.002.0
MinimumVisualStudioVersion = 10.0.40219.1
Project("{9A19103F-16F7-4668-BE54-9A1E7A4F7556}") = "variaveis", "variaveis\variaveis.csproj", "{60E5FE5D-C62B-4928-9DE0-4370EF1FD09B}"
EndProject
Global
	GlobalSection(SolutionConfigurationPlatforms) = preSolution
		Debug|Any CPU = Debug|Any CPU
		Release|Any CPU = Release|Any CPU
	EndGlobalSection
	GlobalSection(ProjectConfigurationPlatforms) = postSolution
		{60E5FE5D-C62B-4928-9DE0-4370EF1FD09B}.Debug|Any CPU.ActiveCfg = Debug|Any CPU
		{60E5FE5D-C62B-4928-9DE0-4370EF1FD09B}.Debug|Any CPU.Build.0 = Debug|Any CPU
		{60E5FE5D-C62B-4928-9DE0-4370EF1FD09B}.Release|Any CPU.ActiveCfg = Release|Any CPU
		{60E5FE5D-C62B-4928-9DE0-4370EF1FD09B}.Release|Any CPU.Build.0 = Release|Any CPU
	EndGlobalSection
	GlobalSection(SolutionProperties) = preSolution
		HideSolutionNode = FALSE
	EndGlobalSection
	GlobalSection(ExtensibilityGlobals) = postSolution
		SolutionGuid = {7915E116-A42F-4D3F-87A0-C907AE11F55D}
	EndGlobalSection
EndGlobal
